<?xml version="1.0" encoding="utf-8"?>
<Project ToolsVersion="4.0" xmlns="http://schemas.microsoft.com/developer/msbuild/2003">
  <ItemGroup>
    <Filter Include="Fichiers sources">
      <UniqueIdentifier>{4FC737F1-C7A5-4376-A066-2A32D752A2FF}</UniqueIdentifier>
      <Extensions>cpp;c;cc;cxx;def;odl;idl;hpj;bat;asm;asmx</Extensions>
    </Filter>
    <Filter Include="Fichiers d%27en-tête">
      <UniqueIdentifier>{93995380-89BD-4b04-88EB-625FBE52EBFB}</UniqueIdentifier>
      <Extensions>h;hh;hpp;hxx;hm;inl;inc;ipp;xsd</Extensions>
    </Filter>
    <Filter Include="Fichiers de ressources">
      <UniqueIdentifier>{67DA6AB6-F800-4c08-8B7A-83BB121AAD01}</UniqueIdentifier>
      <Extensions>rc;ico;cur;bmp;dlg;rc2;rct;bin;rgs;gif;jpg;jpeg;jpe;resx;tiff;tif;png;wav;mfcribbon-ms</Extensions>
    </Filter>
  </ItemGroup>
  <ItemGroup>
    <ClInclude Include="framework.h">
      <Filter>Fichiers d%27en-tête</Filter>
    </ClInclude>
    <ClInclude Include="targetver.h">
      <Filter>Fichiers d%27en-tête</Filter>
    </ClInclude>
    <ClInclude Include="Resource.h">
      <Filter>Fichiers d%27en-tête</Filter>
    </ClInclude>
    <ClInclude Include="distro.exe.h">
      <Filter>Fichiers d%27en-tête</Filter>
    </ClInclude>
  </ItemGroup>
  <ItemGroup>
    <ClCompile Include="distro.exe.cpp">
      <Filter>Fichiers sources</Filter>
    </ClCompile>
    <ClCompile Include="E:\Visual C++ Source\vcpkglib.cpp">
      <Filter>Fichiers sources</Filter>
    </ClCompile>
  </ItemGroup>
  <ItemGroup>
    <ResourceCompile Include="distro.exe.rc">
      <Filter>Fichiers de ressources</Filter>
    </ResourceCompile>
  </ItemGroup>
  <ItemGroup>
    <Image Include="small.ico">
      <Filter>Fichiers de ressources</Filter>
    </Image>
    <Image Include="distro.exe.ico">
      <Filter>Fichiers de ressources</Filter>
    </Image>
  </ItemGroup>
  <ItemGroup>
    <Library Include="..\..\..\..\.nuget\packages\runtime.ubuntu.16.04-x64.runtime.native.system.security.cryptography.openssl\4.3.2\runtimes\ubuntu.16.04-x64\native\System.Security.Cryptography.Native.OpenSsl.so">
      <Filter>Fichiers sources</Filter>
    </Library>
  </ItemGroup>
  <ItemGroup>
    <None Include="packages.config" />
    <None Include="..\..\..\..\.nuget\packages\runtime.ubuntu.16.04-x64.runtime.native.system.security.cryptography.openssl\4.3.2\runtime.ubuntu.16.04-x64.runtime.native.system.security.cryptography.openssl.4.3.2.nupkg" />
    <None Include="..\..\..\..\.nuget\packages\runtime.ubuntu.16.04-x64.runtime.native.system.security.cryptography.openssl\4.3.2\runtime.ubuntu.16.04-x64.runtime.native.system.security.cryptography.openssl.4.3.2.nupkg.sha512" />
    <None Include="..\..\..\..\.nuget\packages\runtime.ubuntu.16.04-x64.runtime.native.system.security.cryptography.openssl\4.3.2\runtime.ubuntu.16.04-x64.runtime.native.system.security.cryptography.openssl.nuspec" />
    <None Include="..\..\..\..\.nuget\packages\runtime.win.microsoft.win32.primitives\4.0.1\runtimes\win\lib\net\_._" />
    <None Include="E:\Cake\CMakeSettings.json" />
    <None Include="E:\Téléchargements\WSL-DistroLauncher-master.zip" />
    <None Include="..\..\Linux-Tutorial\markdown-file\Alfresco-Install-And-Usage.md" />
    <None Include="..\..\Linux-Tutorial\markdown-file\Ansible-Install-And-Settings.md" />
    <None Include="..\..\Linux-Tutorial\markdown-file\Bash.md" />
    <None Include="..\..\Linux-Tutorial\markdown-file\Bash-Other-Bash.md" />
    <None Include="..\..\Linux-Tutorial\markdown-file\CentOS.md" />
    <None Include="..\..\Linux-Tutorial\markdown-file\CentOS6-and-CentOS7.md" />
    <None Include="..\..\Linux-Tutorial\markdown-file\CentOS-7-Install.md" />
    <None Include="..\..\Linux-Tutorial\markdown-file\CentOS-Install.md" />
    <None Include="..\..\Linux-Tutorial\markdown-file\CentOS-Virtual-Machine-Copy-Settings.md" />
    <None Include="..\..\Linux-Tutorial\markdown-file\CI-Install-And-Usage.md" />
    <None Include="..\..\Linux-Tutorial\markdown-file\Confluence-Install-And-Settings.md" />
    <None Include="..\..\Linux-Tutorial\markdown-file\Crontab.md" />
    <None Include="..\..\Linux-Tutorial\markdown-file\Daemontools.md" />
    <None Include="..\..\Linux-Tutorial\markdown-file\Docker-Install-And-Usage.md" />
    <None Include="..\..\Linux-Tutorial\markdown-file\Dubbo-Install-And-Settings.md" />
    <None Include="..\..\Linux-Tutorial\markdown-file\Elasticsearch-Base.md" />
    <None Include="..\..\Linux-Tutorial\markdown-file\ELK-Install-And-Settings.md" />
    <None Include="..\..\Linux-Tutorial\markdown-file\FastDFS-Install-And-Settings.md" />
    <None Include="..\..\Linux-Tutorial\markdown-file\FastDFS-Nginx-Lua-GraphicsMagick.md" />
    <None Include="..\..\Linux-Tutorial\markdown-file\File-Extract-Compress.md" />
    <None Include="..\..\Linux-Tutorial\markdown-file\Flink-Install-And-Settings.md" />
    <None Include="..\..\Linux-Tutorial\markdown-file\FTP.md" />
    <None Include="..\..\Linux-Tutorial\markdown-file\Gitlab-Install-And-Settings.md" />
    <None Include="..\..\Linux-Tutorial\markdown-file\Glances-Install-And-Settings.md" />
    <None Include="..\..\Linux-Tutorial\markdown-file\GoAccess-Install-And-Settings.md" />
    <None Include="..\..\Linux-Tutorial\markdown-file\Grafana-Install-And-Settings.md" />
    <None Include="..\..\Linux-Tutorial\markdown-file\Hadoop-Install-And-Settings.md" />
    <None Include="..\..\Linux-Tutorial\markdown-file\Harbor-Install-And-Usage.md" />
    <None Include="..\..\Linux-Tutorial\markdown-file\Hsk-Install.md" />
    <None Include="..\..\Linux-Tutorial\markdown-file\Influxdb-Install-And-Settings.md" />
    <None Include="..\..\Linux-Tutorial\markdown-file\Iptables.md" />
    <None Include="..\..\Linux-Tutorial\markdown-file\Java-bin.md" />
    <None Include="..\..\Linux-Tutorial\markdown-file\JDK-Install.md" />
    <None Include="..\..\Linux-Tutorial\markdown-file\Jenkins-Install-And-Settings.md" />
    <None Include="..\..\Linux-Tutorial\markdown-file\Jira-Install-And-Settings.md" />
    <None Include="..\..\Linux-Tutorial\markdown-file\JMeter-Install-And-Settings.md" />
    <None Include="..\..\Linux-Tutorial\markdown-file\K8S-Install-And-Usage.md" />
    <None Include="..\..\Linux-Tutorial\markdown-file\Kafka-Install-And-Settings.md" />
    <None Include="..\..\Linux-Tutorial\markdown-file\Kibana-Base.md" />
    <None Include="..\..\Linux-Tutorial\markdown-file\Kubernetes-Install-And-Usage.md" />
    <None Include="..\..\Linux-Tutorial\markdown-file\LDAP-Install-And-Settings.md" />
    <None Include="..\..\Linux-Tutorial\markdown-file\Linux.md" />
    <None Include="..\..\Linux-Tutorial\markdown-file\Logstash-Base.md" />
    <None Include="..\..\Linux-Tutorial\markdown-file\maintenance.md" />
    <None Include="..\..\Linux-Tutorial\markdown-file\Maven-Install-And-Settings.md" />
    <None Include="..\..\Linux-Tutorial\markdown-file\MongoDB-Install-And-Settings.md" />
    <None Include="..\..\Linux-Tutorial\markdown-file\monitor.md" />
    <None Include="..\..\Linux-Tutorial\markdown-file\Mycat-Install-And-Settings.md" />
    <None Include="..\..\Linux-Tutorial\markdown-file\Mysql-Install-And-Settings.md" />
    <None Include="..\..\Linux-Tutorial\markdown-file\Mysql-Optimize.md" />
    <None Include="..\..\Linux-Tutorial\markdown-file\Mysql-Test.md" />
    <None Include="..\..\Linux-Tutorial\markdown-file\Mysql-Tutorial.md" />
    <None Include="..\..\Linux-Tutorial\markdown-file\Nexus-Install-And-Settings.md" />
    <None Include="..\..\Linux-Tutorial\markdown-file\NFS.md" />
    <None Include="..\..\Linux-Tutorial\markdown-file\Nginx-Install-And-Settings.md" />
    <None Include="..\..\Linux-Tutorial\markdown-file\Nginx-Keepalived-Install-And-Settings.md" />
    <None Include="..\..\Linux-Tutorial\markdown-file\Nmon.md" />
    <None Include="..\..\Linux-Tutorial\markdown-file\Node-Install-And-Usage.md" />
    <None Include="..\..\Linux-Tutorial\markdown-file\NTP.md" />
    <None Include="..\..\Linux-Tutorial\markdown-file\Off-line-Yum-Install.md" />
    <None Include="..\..\Linux-Tutorial\markdown-file\Openfire-Install-And-Settings.md" />
    <None Include="..\..\Linux-Tutorial\markdown-file\other.md" />
    <None Include="..\..\Linux-Tutorial\markdown-file\Portainer-Install-And-Settings.md" />
    <None Include="..\..\Linux-Tutorial\markdown-file\PostgreSQL-Install-And-Settings.md" />
    <None Include="..\..\Linux-Tutorial\markdown-file\Prometheus-Install-And-Settings.md" />
    <None Include="..\..\Linux-Tutorial\markdown-file\PXC-Install-And-Settings.md" />
    <None Include="..\..\Linux-Tutorial\markdown-file\Python-Ubuntu.md" />
    <None Include="..\..\Linux-Tutorial\markdown-file\RabbitMQ-Install-And-Settings.md" />
    <None Include="..\..\Linux-Tutorial\markdown-file\Rap-Install-And-Settings.md" />
    <None Include="..\..\Linux-Tutorial\markdown-file\Redis-Install-And-Settings.md" />
    <None Include="..\..\Linux-Tutorial\markdown-file\Samba.md" />
    <None Include="..\..\Linux-Tutorial\markdown-file\Sed.md" />
    <None Include="..\..\Linux-Tutorial\markdown-file\Shell.md" />
    <None Include="..\..\Linux-Tutorial\markdown-file\shell-safe-rm.md" />
    <None Include="..\..\Linux-Tutorial\markdown-file\Showdoc-Install-And-Settings.md" />
    <None Include="..\..\Linux-Tutorial\markdown-file\SkyWalking-Install-And-Settings.md" />
    <None Include="..\..\Linux-Tutorial\markdown-file\Solr-Install-And-Settings.md" />
    <None Include="..\..\Linux-Tutorial\markdown-file\SonarQube-Install-And-Usage.md" />
    <None Include="..\..\Linux-Tutorial\markdown-file\Spark-Install-And-Settings.md" />
    <None Include="..\..\Linux-Tutorial\markdown-file\speedtest.md" />
    <None Include="..\..\Linux-Tutorial\markdown-file\SSH.md" />
    <None Include="..\..\Linux-Tutorial\markdown-file\SSH-login-without-password.md" />
    <None Include="..\..\Linux-Tutorial\markdown-file\SSR-Client-Ubuntu.md" />
    <None Include="..\..\Linux-Tutorial\markdown-file\SVN-Install-And-Settings.md" />
    <None Include="..\..\Linux-Tutorial\markdown-file\TeamCity-Install-And-Settings.md" />
    <None Include="..\..\Linux-Tutorial\markdown-file\Thrift-Install-And-Usage.md" />
    <None Include="..\..\Linux-Tutorial\markdown-file\Tmux-Install-And-Settings.md" />
    <None Include="..\..\Linux-Tutorial\markdown-file\Tomcat-Install-And-Settings.md" />
    <None Include="..\..\Linux-Tutorial\markdown-file\Ubuntu.md" />
    <None Include="..\..\Linux-Tutorial\markdown-file\Ubuntu-Install.md" />
    <None Include="..\..\Linux-Tutorial\markdown-file\Ubuntu-Install-VMware.md" />
    <None Include="..\..\Linux-Tutorial\markdown-file\Ubuntu-Popular-Software.md" />
    <None Include="..\..\Linux-Tutorial\markdown-file\Ubuntu-Specific-Command.md" />
    <None Include="..\..\Linux-Tutorial\markdown-file\Vim-Install-And-Settings.md" />
    <None Include="..\..\Linux-Tutorial\markdown-file\VPN.md" />
    <None Include="..\..\Linux-Tutorial\markdown-file\Was-Hacked.md" />
    <None Include="..\..\Linux-Tutorial\markdown-file\WordPress-Install-And-Settings.md" />
    <None Include="..\..\Linux-Tutorial\markdown-file\Wormhole-Install-And-Settings.md" />
    <None Include="..\..\Linux-Tutorial\markdown-file\wrk-Install-And-Settings.md" />
    <None Include="..\..\Linux-Tutorial\markdown-file\YApi-Install-And-Settings.md" />
    <None Include="..\..\Linux-Tutorial\markdown-file\Zabbix-Install-And-Settings.md" />
    <None Include="..\..\Linux-Tutorial\markdown-file\Zookeeper-Install.md" />
    <None Include="..\..\Linux-Tutorial\markdown-file\Zsh.md" />
    <None Include="..\..\Linux-Tutorial\markdown-file\ubuntu-settings\Network-Settings.md" />
    <None Include="..\..\Linux-Tutorial\markdown-file\ubuntu-settings\Ubuntu-Create-Desktop.md" />
    <None Include="..\..\Linux-Tutorial\markdown-file\ubuntu-settings\Ubuntu-Extra-Packages.md" />
    <None Include="..\..\Linux-Tutorial\markdown-file\ubuntu-settings\Ubuntu-Popular-Settings.md" />
    <None Include="..\..\Linux-Tutorial\markdown-file\ubuntu-settings\ubuntu-settings-toc.md" />
    <None Include="..\..\Linux-Tutorial\markdown-file\ubuntu-settings\Ubuntu-UI.md" />
    <None Include="..\..\Linux-Tutorial\markdown-file\kali-linux-settings\kali-linux-basic-settings.md" />
    <None Include="..\..\Linux-Tutorial\markdown-file\kali-linux-settings\kali-linux-install.md" />
    <None Include="..\..\Linux-Tutorial\markdown-file\kali-linux-settings\kali-linux-penetration-test.md" />
    <None Include="..\..\Linux-Tutorial\markdown-file\kali-linux-settings\kali-linux-social-engineering.md" />
    <None Include="..\..\Linux-Tutorial\markdown-file\kali-linux-settings\kali-linux-sql-injection.md" />
    <None Include="..\..\Linux-Tutorial\markdown-file\kali-linux-settings\kali-linux-toc.md" />
  </ItemGroup>
</Project>